
Microsoft Visual Studio Solution File, Format Version 12.00
# Visual Studio Version 16
VisualStudioVersion = 16.0.31005.135
MinimumVisualStudioVersion = 10.0.40219.1
Project("{FAE04EC0-301F-11D3-BF4B-00C04F79EFBC}") = "Calculator", "Calculator.csproj", "{EF02B76B-EC58-42B9-BCB5-497D74DF4045}"
EndProject
Global
	GlobalSection(SolutionConfigurationPlatforms) = preSolution
		Debug|Any CPU = Debug|Any CPU
		Release|Any CPU = Release|Any CPU
	EndGlobalSection
	GlobalSection(ProjectConfigurationPlatforms) = postSolution
		{EF02B76B-EC58-42B9-BCB5-497D74DF4045}.Debug|Any CPU.ActiveCfg = Debug|Any CPU
		{EF02B76B-EC58-42B9-BCB5-497D74DF4045}.Debug|Any CPU.Build.0 = Debug|Any CPU
		{EF02B76B-EC58-42B9-BCB5-497D74DF4045}.Release|Any CPU.ActiveCfg = Release|Any CPU
		{EF02B76B-EC58-42B9-BCB5-497D74DF4045}.Release|Any CPU.Build.0 = Release|Any CPU
	EndGlobalSection
	GlobalSection(SolutionProperties) = preSolution
		HideSolutionNode = FALSE
	EndGlobalSection
	GlobalSection(ExtensibilityGlobals) = postSolution
		SolutionGuid = {53FBFCFA-AC4F-47F0-9EA2-7946511D4DF1}
	EndGlobalSection
EndGlobal
